
Microsoft Visual Studio Solution File, Format Version 12.00
# Visual Studio Version 16
VisualStudioVersion = 16.0.31105.61
MinimumVisualStudioVersion = 10.0.40219.1
Project("{9A19103F-16F7-4668-BE54-9A1E7A4F7556}") = "app.Domain", "app.Domain\app.Domain.csproj", "{0551511A-BF51-4823-A6D1-5AC284FA64C7}"
EndProject
Project("{9A19103F-16F7-4668-BE54-9A1E7A4F7556}") = "app.Service", "app.Service\app.Service.csproj", "{492BC9D8-6D3C-47DF-B4E9-8272EAB2CC0A}"
EndProject
Project("{9A19103F-16F7-4668-BE54-9A1E7A4F7556}") = "app.Data", "app.Data\app.Data.csproj", "{C6A1E856-30F3-442E-BEE8-6D0416C935D5}"
EndProject
Project("{FAE04EC0-301F-11D3-BF4B-00C04F79EFBC}") = "app.Web", "app.Web\app.Web.csproj", "{7EDF8E15-2B75-49B7-A6A1-48C0F4EEF23A}"
EndProject
Global
	GlobalSection(SolutionConfigurationPlatforms) = preSolution
		Debug|Any CPU = Debug|Any CPU
		Release|Any CPU = Release|Any CPU
	EndGlobalSection
	GlobalSection(ProjectConfigurationPlatforms) = postSolution
		{0551511A-BF51-4823-A6D1-5AC284FA64C7}.Debug|Any CPU.ActiveCfg = Debug|Any CPU
		{0551511A-BF51-4823-A6D1-5AC284FA64C7}.Debug|Any CPU.Build.0 = Debug|Any CPU
		{0551511A-BF51-4823-A6D1-5AC284FA64C7}.Release|Any CPU.ActiveCfg = Release|Any CPU
		{0551511A-BF51-4823-A6D1-5AC284FA64C7}.Release|Any CPU.Build.0 = Release|Any CPU
		{492BC9D8-6D3C-47DF-B4E9-8272EAB2CC0A}.Debug|Any CPU.ActiveCfg = Debug|Any CPU
		{492BC9D8-6D3C-47DF-B4E9-8272EAB2CC0A}.Debug|Any CPU.Build.0 = Debug|Any CPU
		{492BC9D8-6D3C-47DF-B4E9-8272EAB2CC0A}.Release|Any CPU.ActiveCfg = Release|Any CPU
		{492BC9D8-6D3C-47DF-B4E9-8272EAB2CC0A}.Release|Any CPU.Build.0 = Release|Any CPU
		{C6A1E856-30F3-442E-BEE8-6D0416C935D5}.Debug|Any CPU.ActiveCfg = Debug|Any CPU
		{C6A1E856-30F3-442E-BEE8-6D0416C935D5}.Debug|Any CPU.Build.0 = Debug|Any CPU
		{C6A1E856-30F3-442E-BEE8-6D0416C935D5}.Release|Any CPU.ActiveCfg = Release|Any CPU
		{C6A1E856-30F3-442E-BEE8-6D0416C935D5}.Release|Any CPU.Build.0 = Release|Any CPU
		{7EDF8E15-2B75-49B7-A6A1-48C0F4EEF23A}.Debug|Any CPU.ActiveCfg = Debug|Any CPU
		{7EDF8E15-2B75-49B7-A6A1-48C0F4EEF23A}.Debug|Any CPU.Build.0 = Debug|Any CPU
		{7EDF8E15-2B75-49B7-A6A1-48C0F4EEF23A}.Release|Any CPU.ActiveCfg = Release|Any CPU
		{7EDF8E15-2B75-49B7-A6A1-48C0F4EEF23A}.Release|Any CPU.Build.0 = Release|Any CPU
	EndGlobalSection
	GlobalSection(SolutionProperties) = preSolution
		HideSolutionNode = FALSE
	EndGlobalSection
	GlobalSection(ExtensibilityGlobals) = postSolution
		SolutionGuid = {654804E4-35B7-4329-B574-5B51741A2B75}
	EndGlobalSection
EndGlobal
